
Microsoft Visual Studio Solution File, Format Version 12.00
# Visual Studio 15
VisualStudioVersion = 15.0.28307.572
MinimumVisualStudioVersion = 10.0.40219.1
Project("{FAE04EC0-301F-11D3-BF4B-00C04F79EFBC}") = "ProductosPractica2", "ProductosPractica2\ProductosPractica2.csproj", "{10867BB3-2061-4253-868F-9EBFD7491ABC}"
EndProject
Global
	GlobalSection(SolutionConfigurationPlatforms) = preSolution
		Debug|Any CPU = Debug|Any CPU
		Release|Any CPU = Release|Any CPU
	EndGlobalSection
	GlobalSection(ProjectConfigurationPlatforms) = postSolution
		{10867BB3-2061-4253-868F-9EBFD7491ABC}.Debug|Any CPU.ActiveCfg = Debug|Any CPU
		{10867BB3-2061-4253-868F-9EBFD7491ABC}.Debug|Any CPU.Build.0 = Debug|Any CPU
		{10867BB3-2061-4253-868F-9EBFD7491ABC}.Release|Any CPU.ActiveCfg = Release|Any CPU
		{10867BB3-2061-4253-868F-9EBFD7491ABC}.Release|Any CPU.Build.0 = Release|Any CPU
	EndGlobalSection
	GlobalSection(SolutionProperties) = preSolution
		HideSolutionNode = FALSE
	EndGlobalSection
	GlobalSection(ExtensibilityGlobals) = postSolution
		SolutionGuid = {9F25DE86-2CA0-431F-B709-8A89670EB772}
	EndGlobalSection
EndGlobal
